// !$*UTF8*$!
{
	archiveVersion = 1;
	classes = {
	};
	objectVersion = 46;
	objects = {

/* Begin PBXBuildFile section */
		43A9B01F1E662C330006E928 /* main.cpp in Sources */ = {isa = PBXBuildFile; fileRef = 43A9B01E1E662C330006E928 /* main.cpp */; };
		43A9B0271E66316E0006E928 /* BSApp.cpp in Sources */ = {isa = PBXBuildFile; fileRef = 43A9B0251E66316E0006E928 /* BSApp.cpp */; };
		43A9B02A1E6631E20006E928 /* BSView.cpp in Sources */ = {isa = PBXBuildFile; fileRef = 43A9B0281E6631E20006E928 /* BSView.cpp */; };
		43DDE9FA1E66CDBD003F3D1E /* BSAPIHelper.cpp in Sources */ = {isa = PBXBuildFile; fileRef = 43DDE9F81E66CDBD003F3D1E /* BSAPIHelper.cpp */; };
/* End PBXBuildFile section */

/* Begin PBXCopyFilesBuildPhase section */
		43A9B0191E662C330006E928 /* CopyFiles */ = {
			isa = PBXCopyFilesBuildPhase;
			buildActionMask = 2147483647;
			dstPath = /usr/share/man/man1/;
			dstSubfolderSpec = 0;
			files = (
			);
			runOnlyForDeploymentPostprocessing = 1;
		};
/* End PBXCopyFilesBuildPhase section */

/* Begin PBXFileReference section */
		43A9B01B1E662C330006E928 /* BaytAppsCross */ = {isa = PBXFileReference; explicitFileType = "compiled.mach-o.executable"; includeInIndex = 0; path = BaytAppsCross; sourceTree = BUILT_PRODUCTS_DIR; };
		43A9B01E1E662C330006E928 /* main.cpp */ = {isa = PBXFileReference; lastKnownFileType = sourcecode.cpp.cpp; path = main.cpp; sourceTree = "<group>"; };
		43A9B0251E66316E0006E928 /* BSApp.cpp */ = {isa = PBXFileReference; fileEncoding = 4; lastKnownFileType = sourcecode.cpp.cpp; path = BSApp.cpp; sourceTree = "<group>"; };
		43A9B0261E66316E0006E928 /* BSApp.hpp */ = {isa = PBXFileReference; fileEncoding = 4; lastKnownFileType = sourcecode.cpp.h; path = BSApp.hpp; sourceTree = "<group>"; };
		43A9B0281E6631E20006E928 /* BSView.cpp */ = {isa = PBXFileReference; fileEncoding = 4; lastKnownFileType = sourcecode.cpp.cpp; path = BSView.cpp; sourceTree = "<group>"; };
		43A9B0291E6631E20006E928 /* BSView.hpp */ = {isa = PBXFileReference; fileEncoding = 4; lastKnownFileType = sourcecode.cpp.h; path = BSView.hpp; sourceTree = "<group>"; };
		43DDE9F81E66CDBD003F3D1E /* BSAPIHelper.cpp */ = {isa = PBXFileReference; fileEncoding = 4; lastKnownFileType = sourcecode.cpp.cpp; path = BSAPIHelper.cpp; sourceTree = "<group>"; };
		43DDE9F91E66CDBD003F3D1E /* BSAPIHelper.hpp */ = {isa = PBXFileReference; fileEncoding = 4; lastKnownFileType = sourcecode.cpp.h; path = BSAPIHelper.hpp; sourceTree = "<group>"; };
		43DDE9FB1E66D414003F3D1E /* json.hpp */ = {isa = PBXFileReference; fileEncoding = 4; lastKnownFileType = sourcecode.cpp.h; path = json.hpp; sourceTree = "<group>"; };
/* End PBXFileReference section */

/* Begin PBXFrameworksBuildPhase section */
		43A9B0181E662C330006E928 /* Frameworks */ = {
			isa = PBXFrameworksBuildPhase;
			buildActionMask = 2147483647;
			files = (
			);
			runOnlyForDeploymentPostprocessing = 0;
		};
/* End PBXFrameworksBuildPhase section */

/* Begin PBXGroup section */
		43A9B0121E662C330006E928 = {
			isa = PBXGroup;
			children = (
				43A9B01D1E662C330006E928 /* BaytAppsCross */,
				43A9B01C1E662C330006E928 /* Products */,
			);
			sourceTree = "<group>";
		};
		43A9B01C1E662C330006E928 /* Products */ = {
			isa = PBXGroup;
			children = (
				43A9B01B1E662C330006E928 /* BaytAppsCross */,
			);
			name = Products;
			sourceTree = "<group>";
		};
		43A9B01D1E662C330006E928 /* BaytAppsCross */ = {
			isa = PBXGroup;
			children = (
				43DDE9FB1E66D414003F3D1E /* json.hpp */,
				43A9B01E1E662C330006E928 /* main.cpp */,
				43A9B0251E66316E0006E928 /* BSApp.cpp */,
				43A9B0261E66316E0006E928 /* BSApp.hpp */,
				43A9B0281E6631E20006E928 /* BSView.cpp */,
				43A9B0291E6631E20006E928 /* BSView.hpp */,
				43DDE9F81E66CDBD003F3D1E /* BSAPIHelper.cpp */,
				43DDE9F91E66CDBD003F3D1E /* BSAPIHelper.hpp */,
			);
			path = BaytAppsCross;
			sourceTree = "<group>";
		};
/* End PBXGroup section */

/* Begin PBXNativeTarget section */
		43A9B01A1E662C330006E928 /* BaytAppsCross */ = {
			isa = PBXNativeTarget;
			buildConfigurationList = 43A9B0221E662C340006E928 /* Build configuration list for PBXNativeTarget "BaytAppsCross" */;
			buildPhases = (
				43A9B0171E662C330006E928 /* Sources */,
				43A9B0181E662C330006E928 /* Frameworks */,
				43A9B0191E662C330006E928 /* CopyFiles */,
			);
			buildRules = (
			);
			dependencies = (
			);
			name = BaytAppsCross;
			productName = BaytAppsCross;
			productReference = 43A9B01B1E662C330006E928 /* BaytAppsCross */;
			productType = "com.apple.product-type.tool";
		};
/* End PBXNativeTarget section */

/* Begin PBXProject section */
		43A9B0131E662C330006E928 /* Project object */ = {
			isa = PBXProject;
			attributes = {
				LastUpgradeCheck = 0820;
				ORGANIZATIONNAME = imokhles;
				TargetAttributes = {
					43A9B01A1E662C330006E928 = {
						CreatedOnToolsVersion = 8.2.1;
						ProvisioningStyle = Automatic;
					};
				};
			};
			buildConfigurationList = 43A9B0161E662C330006E928 /* Build configuration list for PBXProject "BaytAppsCross" */;
			compatibilityVersion = "Xcode 3.2";
			developmentRegion = English;
			hasScannedForEncodings = 0;
			knownRegions = (
				en,
			);
			mainGroup = 43A9B0121E662C330006E928;
			productRefGroup = 43A9B01C1E662C330006E928 /* Products */;
			projectDirPath = "";
			projectRoot = "";
			targets = (
				43A9B01A1E662C330006E928 /* BaytAppsCross */,
			);
		};
/* End PBXProject section */

/* Begin PBXSourcesBuildPhase section */
		43A9B0171E662C330006E928 /* Sources */ = {
			isa = PBXSourcesBuildPhase;
			buildActionMask = 2147483647;
			files = (
				43A9B02A1E6631E20006E928 /* BSView.cpp in Sources */,
				43A9B0271E66316E0006E928 /* BSApp.cpp in Sources */,
				43A9B01F1E662C330006E928 /* main.cpp in Sources */,
				43DDE9FA1E66CDBD003F3D1E /* BSAPIHelper.cpp in Sources */,
			);
			runOnlyForDeploymentPostprocessing = 0;
		};
/* End PBXSourcesBuildPhase section */

/* Begin XCBuildConfiguration section */
		43A9B0201E662C340006E928 /* Debug */ = {
			isa = XCBuildConfiguration;
			buildSettings = {
				ALWAYS_SEARCH_USER_PATHS = NO;
				CLANG_ANALYZER_NONNULL = YES;
				CLANG_CXX_LANGUAGE_STANDARD = "gnu++0x";
				CLANG_CXX_LIBRARY = "libc++";
				CLANG_ENABLE_MODULES = YES;
				CLANG_ENABLE_OBJC_ARC = YES;
				CLANG_WARN_BOOL_CONVERSION = YES;
				CLANG_WARN_CONSTANT_CONVERSION = YES;
				CLANG_WARN_DIRECT_OBJC_ISA_USAGE = YES_ERROR;
				CLANG_WARN_DOCUMENTATION_COMMENTS = YES;
				CLANG_WARN_EMPTY_BODY = YES;
				CLANG_WARN_ENUM_CONVERSION = YES;
				CLANG_WARN_INFINITE_RECURSION = YES;
				CLANG_WARN_INT_CONVERSION = YES;
				CLANG_WARN_OBJC_ROOT_CLASS = YES_ERROR;
				CLANG_WARN_SUSPICIOUS_MOVE = YES;
				CLANG_WARN_UNREACHABLE_CODE = YES;
				CLANG_WARN__DUPLICATE_METHOD_MATCH = YES;
				CODE_SIGN_IDENTITY = "-";
				COPY_PHASE_STRIP = NO;
				DEBUG_INFORMATION_FORMAT = dwarf;
				ENABLE_STRICT_OBJC_MSGSEND = YES;
				ENABLE_TESTABILITY = YES;
				GCC_C_LANGUAGE_STANDARD = gnu99;
				GCC_DYNAMIC_NO_PIC = NO;
				GCC_NO_COMMON_BLOCKS = YES;
				GCC_OPTIMIZATION_LEVEL = 0;
				GCC_PREPROCESSOR_DEFINITIONS = (
					"DEBUG=1",
					"$(inherited)",
				);
				GCC_WARN_64_TO_32_BIT_CONVERSION = YES;
				GCC_WARN_ABOUT_RETURN_TYPE = YES_ERROR;
				GCC_WARN_UNDECLARED_SELECTOR = YES;
				GCC_WARN_UNINITIALIZED_AUTOS = YES_AGGRESSIVE;
				GCC_WARN_UNUSED_FUNCTION = YES;
				GCC_WARN_UNUSED_VARIABLE = YES;
				MACOSX_DEPLOYMENT_TARGET = 10.9;
				MTL_ENABLE_DEBUG_INFO = YES;
				ONLY_ACTIVE_ARCH = YES;
				OTHER_CPLUSPLUSFLAGS = (
					"$(OTHER_CFLAGS)",
					"-I/usr/local/lib/wx/include/osx_cocoa-unicode-3.0",
					"-I/usr/local/include/wx-3.0",
					"-D_FILE_OFFSET_BITS=64",
					"-DWXUSINGDLL",
					"-D__WXMAC__",
					"-D__WXOSX__",
					"-D__WXOSX_COCOA__",
					"-I/usr/local/include",
				);
				OTHER_LDFLAGS = (
					"-L/usr/local/lib",
					"-framework",
					IOKit,
					"-framework",
					Carbon,
					"-framework",
					Cocoa,
					"-framework",
					AudioToolbox,
					"-framework",
					System,
					"-framework",
					OpenGL,
					"-lwx_osx_cocoau_xrc-3.0",
					"-lwx_osx_cocoau_webview-3.0",
					"-lwx_osx_cocoau_html-3.0",
					"-lwx_osx_cocoau_qa-3.0",
					"-lwx_osx_cocoau_adv-3.0",
					"-lwx_osx_cocoau_core-3.0",
					"-lwx_baseu_xml-3.0",
					"-lwx_baseu_net-3.0",
					"-lwx_baseu-3.0",
					"-lcurl",
				);
				SDKROOT = macosx;
			};
			name = Debug;
		};
		43A9B0211E662C340006E928 /* Release */ = {
			isa = XCBuildConfiguration;
			buildSettings = {
				ALWAYS_SEARCH_USER_PATHS = NO;
				CLANG_ANALYZER_NONNULL = YES;
				CLANG_CXX_LANGUAGE_STANDARD = "gnu++0x";
				CLANG_CXX_LIBRARY = "libc++";
				CLANG_ENABLE_MODULES = YES;
				CLANG_ENABLE_OBJC_ARC = YES;
				CLANG_WARN_BOOL_CONVERSION = YES;
				CLANG_WARN_CONSTANT_CONVERSION = YES;
				CLANG_WARN_DIRECT_OBJC_ISA_USAGE = YES_ERROR;
				CLANG_WARN_DOCUMENTATION_COMMENTS = YES;
				CLANG_WARN_EMPTY_BODY = YES;
				CLANG_WARN_ENUM_CONVERSION = YES;
				CLANG_WARN_INFINITE_RECURSION = YES;
				CLANG_WARN_INT_CONVERSION = YES;
				CLANG_WARN_OBJC_ROOT_CLASS = YES_ERROR;
				CLANG_WARN_SUSPICIOUS_MOVE = YES;
				CLANG_WARN_UNREACHABLE_CODE = YES;
				CLANG_WARN__DUPLICATE_METHOD_MATCH = YES;
				CODE_SIGN_IDENTITY = "-";
				COPY_PHASE_STRIP = NO;
				DEBUG_INFORMATION_FORMAT = "dwarf-with-dsym";
				ENABLE_NS_ASSERTIONS = NO;
				ENABLE_STRICT_OBJC_MSGSEND = YES;
				GCC_C_LANGUAGE_STANDARD = gnu99;
				GCC_NO_COMMON_BLOCKS = YES;
				GCC_WARN_64_TO_32_BIT_CONVERSION = YES;
				GCC_WARN_ABOUT_RETURN_TYPE = YES_ERROR;
				GCC_WARN_UNDECLARED_SELECTOR = YES;
				GCC_WARN_UNINITIALIZED_AUTOS = YES_AGGRESSIVE;
				GCC_WARN_UNUSED_FUNCTION = YES;
				GCC_WARN_UNUSED_VARIABLE = YES;
				MACOSX_DEPLOYMENT_TARGET = 10.9;
				MTL_ENABLE_DEBUG_INFO = NO;
				OTHER_CPLUSPLUSFLAGS = (
					"$(OTHER_CFLAGS)",
					"-I/usr/local/lib/wx/include/osx_cocoa-unicode-3.0",
					"-I/usr/local/include/wx-3.0",
					"-D_FILE_OFFSET_BITS=64",
					"-DWXUSINGDLL",
					"-D__WXMAC__",
					"-D__WXOSX__",
					"-D__WXOSX_COCOA__",
					"-I/usr/local/include",
				);
				OTHER_LDFLAGS = (
					"-L/usr/local/lib",
					"-framework",
					IOKit,
					"-framework",
					Carbon,
					"-framework",
					Cocoa,
					"-framework",
					AudioToolbox,
					"-framework",
					System,
					"-framework",
					OpenGL,
					"-lwx_osx_cocoau_xrc-3.0",
					"-lwx_osx_cocoau_webview-3.0",
					"-lwx_osx_cocoau_html-3.0",
					"-lwx_osx_cocoau_qa-3.0",
					"-lwx_osx_cocoau_adv-3.0",
					"-lwx_osx_cocoau_core-3.0",
					"-lwx_baseu_xml-3.0",
					"-lwx_baseu_net-3.0",
					"-lwx_baseu-3.0",
					"-lcurl",
				);
				SDKROOT = macosx;
			};
			name = Release;
		};
		43A9B0231E662C340006E928 /* Debug */ = {
			isa = XCBuildConfiguration;
			buildSettings = {
				OTHER_CPLUSPLUSFLAGS = (
					"$(OTHER_CFLAGS)",
					"-I/usr/local/lib/wx/include/osx_cocoa-unicode-3.0",
					"-I/usr/local/include/wx-3.0",
					"-D_FILE_OFFSET_BITS=64",
					"-DWXUSINGDLL",
					"-D__WXMAC__",
					"-D__WXOSX__",
					"-D__WXOSX_COCOA__",
					"-I/usr/local/include",
				);
				PRODUCT_NAME = "$(TARGET_NAME)";
			};
			name = Debug;
		};
		43A9B0241E662C340006E928 /* Release */ = {
			isa = XCBuildConfiguration;
			buildSettings = {
				OTHER_CPLUSPLUSFLAGS = (
					"$(OTHER_CFLAGS)",
					"-I/usr/local/lib/wx/include/osx_cocoa-unicode-3.0",
					"-I/usr/local/include/wx-3.0",
					"-D_FILE_OFFSET_BITS=64",
					"-DWXUSINGDLL",
					"-D__WXMAC__",
					"-D__WXOSX__",
					"-D__WXOSX_COCOA__",
					"-I/usr/local/include",
				);
				PRODUCT_NAME = "$(TARGET_NAME)";
			};
			name = Release;
		};
/* End XCBuildConfiguration section */

/* Begin XCConfigurationList section */
		43A9B0161E662C330006E928 /* Build configuration list for PBXProject "BaytAppsCross" */ = {
			isa = XCConfigurationList;
			buildConfigurations = (
				43A9B0201E662C340006E928 /* Debug */,
				43A9B0211E662C340006E928 /* Release */,
			);
			defaultConfigurationIsVisible = 0;
			defaultConfigurationName = Release;
		};
		43A9B0221E662C340006E928 /* Build configuration list for PBXNativeTarget "BaytAppsCross" */ = {
			isa = XCConfigurationList;
			buildConfigurations = (
				43A9B0231E662C340006E928 /* Debug */,
				43A9B0241E662C340006E928 /* Release */,
			);
			defaultConfigurationIsVisible = 0;
			defaultConfigurationName = Release;
		};
/* End XCConfigurationList section */
	};
	rootObject = 43A9B0131E662C330006E928 /* Project object */;
}
